{
  "name": "archivist",
  "version": "1.0.0",
  "lockfileVersion": 1,
  "requires": true,
  "dependencies": {
    "fdir": {
      "version": "4.1.0",
      "resolved": "https://registry.npmjs.org/fdir/-/fdir-4.1.0.tgz",
      "integrity": "sha512-oOkohnPg4nUIkd6w22iGbFD7c7UvVnXB3a7/GHcPSsXDUGm6Jxp12bGI5O0gr0YuhDh5l/vDExdHOnrW/j9EqQ=="
    }
  }
}
